
Microsoft Visual Studio Solution File, Format Version 12.00
# Visual Studio Version 16
VisualStudioVersion = 16.0.31229.75
MinimumVisualStudioVersion = 10.0.40219.1
Project("{FAE04EC0-301F-11D3-BF4B-00C04F79EFBC}") = "StudentiApp2", "StudentiApp2.csproj", "{DF8CDB6D-972B-48EA-BA54-4325F7419851}"
EndProject
Global
	GlobalSection(SolutionConfigurationPlatforms) = preSolution
		Debug|Any CPU = Debug|Any CPU
		Release|Any CPU = Release|Any CPU
	EndGlobalSection
	GlobalSection(ProjectConfigurationPlatforms) = postSolution
		{DF8CDB6D-972B-48EA-BA54-4325F7419851}.Debug|Any CPU.ActiveCfg = Debug|Any CPU
		{DF8CDB6D-972B-48EA-BA54-4325F7419851}.Debug|Any CPU.Build.0 = Debug|Any CPU
		{DF8CDB6D-972B-48EA-BA54-4325F7419851}.Release|Any CPU.ActiveCfg = Release|Any CPU
		{DF8CDB6D-972B-48EA-BA54-4325F7419851}.Release|Any CPU.Build.0 = Release|Any CPU
	EndGlobalSection
	GlobalSection(SolutionProperties) = preSolution
		HideSolutionNode = FALSE
	EndGlobalSection
	GlobalSection(ExtensibilityGlobals) = postSolution
		SolutionGuid = {651ABDD4-FE8C-4173-880E-2B04571E19FD}
	EndGlobalSection
EndGlobal
